
Microsoft Visual Studio Solution File, Format Version 12.00
# Visual Studio 15
VisualStudioVersion = 15.0.28010.2016
MinimumVisualStudioVersion = 10.0.40219.1
Project("{FAE04EC0-301F-11D3-BF4B-00C04F79EFBC}") = "InsuranceLanguage", "InsuranceLanguage\InsuranceLanguage.csproj", "{5B6ECB88-3E17-41CE-9A87-EDEE0FF07B80}"
EndProject
Global
	GlobalSection(SolutionConfigurationPlatforms) = preSolution
		Debug|Any CPU = Debug|Any CPU
		Release|Any CPU = Release|Any CPU
	EndGlobalSection
	GlobalSection(ProjectConfigurationPlatforms) = postSolution
		{5B6ECB88-3E17-41CE-9A87-EDEE0FF07B80}.Debug|Any CPU.ActiveCfg = Debug|Any CPU
		{5B6ECB88-3E17-41CE-9A87-EDEE0FF07B80}.Debug|Any CPU.Build.0 = Debug|Any CPU
		{5B6ECB88-3E17-41CE-9A87-EDEE0FF07B80}.Release|Any CPU.ActiveCfg = Release|Any CPU
		{5B6ECB88-3E17-41CE-9A87-EDEE0FF07B80}.Release|Any CPU.Build.0 = Release|Any CPU
	EndGlobalSection
	GlobalSection(SolutionProperties) = preSolution
		HideSolutionNode = FALSE
	EndGlobalSection
	GlobalSection(ExtensibilityGlobals) = postSolution
		SolutionGuid = {5072052D-5D07-4F7C-B7EE-24936A436A20}
	EndGlobalSection
EndGlobal
